
Microsoft Visual Studio Solution File, Format Version 12.00
# Visual Studio 15
VisualStudioVersion = 15.0.28307.1062
MinimumVisualStudioVersion = 10.0.40219.1
Project("{FAE04EC0-301F-11D3-BF4B-00C04F79EFBC}") = "eSign.UI", "eSign.UI\eSign.UI.csproj", "{6C603BCC-7820-4698-9B23-0D75FDCBF04A}"
EndProject
Global
	GlobalSection(SolutionConfigurationPlatforms) = preSolution
		Debug|Any CPU = Debug|Any CPU
		Release|Any CPU = Release|Any CPU
	EndGlobalSection
	GlobalSection(ProjectConfigurationPlatforms) = postSolution
		{6C603BCC-7820-4698-9B23-0D75FDCBF04A}.Debug|Any CPU.ActiveCfg = Debug|Any CPU
		{6C603BCC-7820-4698-9B23-0D75FDCBF04A}.Debug|Any CPU.Build.0 = Debug|Any CPU
		{6C603BCC-7820-4698-9B23-0D75FDCBF04A}.Release|Any CPU.ActiveCfg = Release|Any CPU
		{6C603BCC-7820-4698-9B23-0D75FDCBF04A}.Release|Any CPU.Build.0 = Release|Any CPU
	EndGlobalSection
	GlobalSection(SolutionProperties) = preSolution
		HideSolutionNode = FALSE
	EndGlobalSection
	GlobalSection(ExtensibilityGlobals) = postSolution
		SolutionGuid = {676AE88D-EC3A-4E69-B095-19C43F931551}
	EndGlobalSection
EndGlobal
